
Microsoft Visual Studio Solution File, Format Version 12.00
# Visual Studio Version 16
VisualStudioVersion = 16.0.32929.386
MinimumVisualStudioVersion = 10.0.40219.1
Project("{9A19103F-16F7-4668-BE54-9A1E7A4F7556}") = "AutoComplete", "AutoComplete\AutoComplete.csproj", "{C0BA46AF-85A9-4822-B8A0-E06C024DA15A}"
EndProject
Project("{FAE04EC0-301F-11D3-BF4B-00C04F79EFBC}") = "TestProject1", "TestProject1\TestProject1.csproj", "{2EEBADDF-15B3-4188-B60C-B99E622F1792}"
EndProject
Global
	GlobalSection(SolutionConfigurationPlatforms) = preSolution
		Debug|Any CPU = Debug|Any CPU
		Release|Any CPU = Release|Any CPU
	EndGlobalSection
	GlobalSection(ProjectConfigurationPlatforms) = postSolution
		{C0BA46AF-85A9-4822-B8A0-E06C024DA15A}.Debug|Any CPU.ActiveCfg = Debug|Any CPU
		{C0BA46AF-85A9-4822-B8A0-E06C024DA15A}.Debug|Any CPU.Build.0 = Debug|Any CPU
		{C0BA46AF-85A9-4822-B8A0-E06C024DA15A}.Release|Any CPU.ActiveCfg = Release|Any CPU
		{C0BA46AF-85A9-4822-B8A0-E06C024DA15A}.Release|Any CPU.Build.0 = Release|Any CPU
		{2EEBADDF-15B3-4188-B60C-B99E622F1792}.Debug|Any CPU.ActiveCfg = Debug|Any CPU
		{2EEBADDF-15B3-4188-B60C-B99E622F1792}.Debug|Any CPU.Build.0 = Debug|Any CPU
		{2EEBADDF-15B3-4188-B60C-B99E622F1792}.Release|Any CPU.ActiveCfg = Release|Any CPU
		{2EEBADDF-15B3-4188-B60C-B99E622F1792}.Release|Any CPU.Build.0 = Release|Any CPU
	EndGlobalSection
	GlobalSection(SolutionProperties) = preSolution
		HideSolutionNode = FALSE
	EndGlobalSection
	GlobalSection(ExtensibilityGlobals) = postSolution
		SolutionGuid = {49C45883-EAC3-49DA-94EF-42863EA65EC0}
	EndGlobalSection
EndGlobal
